
Microsoft Visual Studio Solution File, Format Version 12.00
# Visual Studio Version 17
VisualStudioVersion = 17.5.2.0
MinimumVisualStudioVersion = 10.0.40219.1
Project("{FAE04EC0-301F-11D3-BF4B-00C04F79EFBC}") = "BAAP.API", "BAAP.API\BAAP.API.csproj", "{63B37447-F85E-9D31-FD6D-4D76593EF124}"
EndProject
Project("{FAE04EC0-301F-11D3-BF4B-00C04F79EFBC}") = "BAAP.Tests", "BAAP.Tests\BAAP.Tests.csproj", "{3773689C-CB3C-4435-9F3F-9595120FF93A}"
EndProject
Global
	GlobalSection(SolutionConfigurationPlatforms) = preSolution
		Debug|Any CPU = Debug|Any CPU
		Debug|x64 = Debug|x64
		Debug|x86 = Debug|x86
		Release|Any CPU = Release|Any CPU
		Release|x64 = Release|x64
		Release|x86 = Release|x86
	EndGlobalSection
	GlobalSection(ProjectConfigurationPlatforms) = postSolution
		{63B37447-F85E-9D31-FD6D-4D76593EF124}.Debug|Any CPU.ActiveCfg = Debug|Any CPU
		{63B37447-F85E-9D31-FD6D-4D76593EF124}.Debug|Any CPU.Build.0 = Debug|Any CPU
		{63B37447-F85E-9D31-FD6D-4D76593EF124}.Debug|x64.ActiveCfg = Debug|Any CPU
		{63B37447-F85E-9D31-FD6D-4D76593EF124}.Debug|x64.Build.0 = Debug|Any CPU
		{63B37447-F85E-9D31-FD6D-4D76593EF124}.Debug|x86.ActiveCfg = Debug|Any CPU
		{63B37447-F85E-9D31-FD6D-4D76593EF124}.Debug|x86.Build.0 = Debug|Any CPU
		{63B37447-F85E-9D31-FD6D-4D76593EF124}.Release|Any CPU.ActiveCfg = Release|Any CPU
		{63B37447-F85E-9D31-FD6D-4D76593EF124}.Release|Any CPU.Build.0 = Release|Any CPU
		{63B37447-F85E-9D31-FD6D-4D76593EF124}.Release|x64.ActiveCfg = Release|Any CPU
		{63B37447-F85E-9D31-FD6D-4D76593EF124}.Release|x64.Build.0 = Release|Any CPU
		{63B37447-F85E-9D31-FD6D-4D76593EF124}.Release|x86.ActiveCfg = Release|Any CPU
		{63B37447-F85E-9D31-FD6D-4D76593EF124}.Release|x86.Build.0 = Release|Any CPU
		{3773689C-CB3C-4435-9F3F-9595120FF93A}.Debug|Any CPU.ActiveCfg = Debug|Any CPU
		{3773689C-CB3C-4435-9F3F-9595120FF93A}.Debug|Any CPU.Build.0 = Debug|Any CPU
		{3773689C-CB3C-4435-9F3F-9595120FF93A}.Debug|x64.ActiveCfg = Debug|Any CPU
		{3773689C-CB3C-4435-9F3F-9595120FF93A}.Debug|x64.Build.0 = Debug|Any CPU
		{3773689C-CB3C-4435-9F3F-9595120FF93A}.Debug|x86.ActiveCfg = Debug|Any CPU
		{3773689C-CB3C-4435-9F3F-9595120FF93A}.Debug|x86.Build.0 = Debug|Any CPU
		{3773689C-CB3C-4435-9F3F-9595120FF93A}.Release|Any CPU.ActiveCfg = Release|Any CPU
		{3773689C-CB3C-4435-9F3F-9595120FF93A}.Release|Any CPU.Build.0 = Release|Any CPU
		{3773689C-CB3C-4435-9F3F-9595120FF93A}.Release|x64.ActiveCfg = Release|Any CPU
		{3773689C-CB3C-4435-9F3F-9595120FF93A}.Release|x64.Build.0 = Release|Any CPU
		{3773689C-CB3C-4435-9F3F-9595120FF93A}.Release|x86.ActiveCfg = Release|Any CPU
		{3773689C-CB3C-4435-9F3F-9595120FF93A}.Release|x86.Build.0 = Release|Any CPU
	EndGlobalSection
	GlobalSection(SolutionProperties) = preSolution
		HideSolutionNode = FALSE
	EndGlobalSection
	GlobalSection(ExtensibilityGlobals) = postSolution
		SolutionGuid = {F9D1372A-820A-4B33-8ABE-89DD7CACDB27}
	EndGlobalSection
EndGlobal
